
Microsoft Visual Studio Solution File, Format Version 12.00
# Visual Studio Version 17
VisualStudioVersion = 17.2.32526.322
MinimumVisualStudioVersion = 10.0.40219.1
Project("{FAE04EC0-301F-11D3-BF4B-00C04F79EFBC}") = "livrariaAPIs", "livrariaAPIs\livrariaAPIs.csproj", "{61122630-F272-48C3-B62C-CDE4FC32444F}"
EndProject
Global
	GlobalSection(SolutionConfigurationPlatforms) = preSolution
		Debug|Any CPU = Debug|Any CPU
		Release|Any CPU = Release|Any CPU
	EndGlobalSection
	GlobalSection(ProjectConfigurationPlatforms) = postSolution
		{61122630-F272-48C3-B62C-CDE4FC32444F}.Debug|Any CPU.ActiveCfg = Debug|Any CPU
		{61122630-F272-48C3-B62C-CDE4FC32444F}.Debug|Any CPU.Build.0 = Debug|Any CPU
		{61122630-F272-48C3-B62C-CDE4FC32444F}.Release|Any CPU.ActiveCfg = Release|Any CPU
		{61122630-F272-48C3-B62C-CDE4FC32444F}.Release|Any CPU.Build.0 = Release|Any CPU
	EndGlobalSection
	GlobalSection(SolutionProperties) = preSolution
		HideSolutionNode = FALSE
	EndGlobalSection
	GlobalSection(ExtensibilityGlobals) = postSolution
		SolutionGuid = {229657F2-3B96-42C9-9E00-55DFECBB7423}
	EndGlobalSection
EndGlobal
